{
  "name": "picload-example",
  "version": "0.0.0",
  "lockfileVersion": 2,
  "requires": true,
  "packages": {
    "": {
      "name": "picload-example",
      "version": "0.0.0",
      "dependencies": {
        "picload": "file:..",
        "react": "file:../node_modules/react",
        "react-dom": "file:../node_modules/react-dom",
        "react-scripts": "file:../node_modules/react-scripts"
      },
      "devDependencies": {
        "@babel/plugin-syntax-object-rest-spread": "^7.8.3"
      }
    },
    "..": {
      "version": "1.0.0",
      "license": "MIT",
      "devDependencies": {
        "babel-eslint": "^10.0.3",
        "cross-env": "^7.0.2",
        "eslint": "^6.8.0",
        "eslint-config-prettier": "^6.7.0",
        "eslint-config-standard": "^14.1.0",
        "eslint-config-standard-react": "^9.2.0",
        "eslint-plugin-import": "^2.18.2",
        "eslint-plugin-node": "^11.0.0",
        "eslint-plugin-prettier": "^3.1.1",
        "eslint-plugin-promise": "^4.2.1",
        "eslint-plugin-react": "^7.17.0",
        "eslint-plugin-standard": "^4.0.1",
        "gh-pages": "^2.2.0",
        "microbundle-crl": "^0.13.10",
        "npm-run-all": "^4.1.5",
        "prettier": "^2.0.4",
        "react": "^16.13.1",
        "react-dom": "^16.13.1",
        "react-scripts": "^3.4.1"
      },
      "engines": {
        "node": ">=10"
      },
      "peerDependencies": {
        "react": "^16.0.0"
      }
    },
    "../node_modules/react": {
      "version": "16.14.0",
      "license": "MIT",
      "dependencies": {
        "loose-envify": "^1.1.0",
        "object-assign": "^4.1.1",
        "prop-types": "^15.6.2"
      },
      "engines": {
        "node": ">=0.10.0"
      }
    },
    "../node_modules/react-dom": {
      "version": "16.14.0",
      "license": "MIT",
      "dependencies": {
        "loose-envify": "^1.1.0",
        "object-assign": "^4.1.1",
        "prop-types": "^15.6.2",
        "scheduler": "^0.19.1"
      },
      "peerDependencies": {
        "react": "^16.14.0"
      }
    },
    "../node_modules/react-scripts": {
      "version": "3.4.4",
      "license": "MIT",
      "dependencies": {
        "@babel/core": "7.9.0",
        "@svgr/webpack": "4.3.3",
        "@typescript-eslint/eslint-plugin": "^2.10.0",
        "@typescript-eslint/parser": "^2.10.0",
        "babel-eslint": "10.1.0",
        "babel-jest": "^24.9.0",
        "babel-loader": "8.1.0",
        "babel-plugin-named-asset-import": "^0.3.6",
        "babel-preset-react-app": "^9.1.2",
        "camelcase": "^5.3.1",
        "case-sensitive-paths-webpack-plugin": "2.3.0",
        "css-loader": "3.4.2",
        "dotenv": "8.2.0",
        "dotenv-expand": "5.1.0",
        "eslint": "^6.6.0",
        "eslint-config-react-app": "^5.2.1",
        "eslint-loader": "3.0.3",
        "eslint-plugin-flowtype": "4.6.0",
        "eslint-plugin-import": "2.20.1",
        "eslint-plugin-jsx-a11y": "6.2.3",
        "eslint-plugin-react": "7.19.0",
        "eslint-plugin-react-hooks": "^1.6.1",
        "file-loader": "4.3.0",
        "fs-extra": "^8.1.0",
        "html-webpack-plugin": "4.0.0-beta.11",
        "identity-obj-proxy": "3.0.0",
        "jest": "24.9.0",
        "jest-environment-jsdom-fourteen": "1.0.1",
        "jest-resolve": "24.9.0",
        "jest-watch-typeahead": "0.4.2",
        "mini-css-extract-plugin": "0.9.0",
        "optimize-css-assets-webpack-plugin": "5.0.3",
        "pnp-webpack-plugin": "1.6.4",
        "postcss-flexbugs-fixes": "4.1.0",
        "postcss-loader": "3.0.0",
        "postcss-normalize": "8.0.1",
        "postcss-preset-env": "6.7.0",
        "postcss-safe-parser": "4.0.1",
        "react-app-polyfill": "^1.0.6",
        "react-dev-utils": "^10.2.1",
        "resolve": "1.15.0",
        "resolve-url-loader": "3.1.2",
        "sass-loader": "8.0.2",
        "semver": "6.3.0",
        "style-loader": "0.23.1",
        "terser-webpack-plugin": "2.3.8",
        "ts-pnp": "1.1.6",
        "url-loader": "2.3.0",
        "webpack": "4.42.0",
        "webpack-dev-server": "3.11.0",
        "webpack-manifest-plugin": "2.2.0",
        "workbox-webpack-plugin": "4.3.1"
      },
      "bin": {
        "react-scripts": "bin/react-scripts.js"
      },
      "engines": {
        "node": ">=8.10"
      },
      "optionalDependencies": {
        "fsevents": "2.1.2"
      },
      "peerDependencies": {
        "typescript": "^3.2.1"
      },
      "peerDependenciesMeta": {
        "typescript": {
          "optional": true
        }
      }
    },
    "node_modules/@babel/helper-plugin-utils": {
      "version": "7.16.7",
      "resolved": "https://registry.npmjs.org/@babel/helper-plugin-utils/-/helper-plugin-utils-7.16.7.tgz",
      "integrity": "sha512-Qg3Nk7ZxpgMrsox6HreY1ZNKdBq7K72tDSliA6dCl5f007jR4ne8iD5UzuNnCJH2xBf2BEEVGr+/OL6Gdp7RxA==",
      "dev": true,
      "engines": {
        "node": ">=6.9.0"
      }
    },
    "node_modules/@babel/plugin-syntax-object-rest-spread": {
      "version": "7.8.3",
      "resolved": "https://registry.npmjs.org/@babel/plugin-syntax-object-rest-spread/-/plugin-syntax-object-rest-spread-7.8.3.tgz",
      "integrity": "sha512-XoqMijGZb9y3y2XskN+P1wUGiVwWZ5JmoDRwx5+3GmEplNyVM2s2Dg8ILFQm8rWM48orGy5YpI5Bl8U1y7ydlA==",
      "dev": true,
      "dependencies": {
        "@babel/helper-plugin-utils": "^7.8.0"
      },
      "peerDependencies": {
        "@babel/core": "^7.0.0-0"
      }
    },
    "node_modules/picload": {
      "resolved": "..",
      "link": true
    },
    "node_modules/react": {
      "resolved": "../node_modules/react",
      "link": true
    },
    "node_modules/react-dom": {
      "resolved": "../node_modules/react-dom",
      "link": true
    },
    "node_modules/react-scripts": {
      "resolved": "../node_modules/react-scripts",
      "link": true
    }
  },
  "dependencies": {
    "@babel/helper-plugin-utils": {
      "version": "7.16.7",
      "resolved": "https://registry.npmjs.org/@babel/helper-plugin-utils/-/helper-plugin-utils-7.16.7.tgz",
      "integrity": "sha512-Qg3Nk7ZxpgMrsox6HreY1ZNKdBq7K72tDSliA6dCl5f007jR4ne8iD5UzuNnCJH2xBf2BEEVGr+/OL6Gdp7RxA==",
      "dev": true
    },
    "@babel/plugin-syntax-object-rest-spread": {
      "version": "7.8.3",
      "resolved": "https://registry.npmjs.org/@babel/plugin-syntax-object-rest-spread/-/plugin-syntax-object-rest-spread-7.8.3.tgz",
      "integrity": "sha512-XoqMijGZb9y3y2XskN+P1wUGiVwWZ5JmoDRwx5+3GmEplNyVM2s2Dg8ILFQm8rWM48orGy5YpI5Bl8U1y7ydlA==",
      "dev": true,
      "requires": {
        "@babel/helper-plugin-utils": "^7.8.0"
      }
    },
    "picload": {
      "version": "file:..",
      "requires": {
        "babel-eslint": "^10.0.3",
        "cross-env": "^7.0.2",
        "eslint": "^6.8.0",
        "eslint-config-prettier": "^6.7.0",
        "eslint-config-standard": "^14.1.0",
        "eslint-config-standard-react": "^9.2.0",
        "eslint-plugin-import": "^2.18.2",
        "eslint-plugin-node": "^11.0.0",
        "eslint-plugin-prettier": "^3.1.1",
        "eslint-plugin-promise": "^4.2.1",
        "eslint-plugin-react": "^7.17.0",
        "eslint-plugin-standard": "^4.0.1",
        "gh-pages": "^2.2.0",
        "microbundle-crl": "^0.13.10",
        "npm-run-all": "^4.1.5",
        "prettier": "^2.0.4",
        "react": "^16.13.1",
        "react-dom": "^16.13.1",
        "react-scripts": "^3.4.1"
      },
      "dependencies": {
        "react": {
          "version": "16.14.0",
          "requires": {
            "loose-envify": "^1.1.0",
            "object-assign": "^4.1.1",
            "prop-types": "^15.6.2"
          }
        },
        "react-dom": {
          "version": "16.14.0",
          "requires": {
            "loose-envify": "^1.1.0",
            "object-assign": "^4.1.1",
            "prop-types": "^15.6.2",
            "scheduler": "^0.19.1"
          }
        },
        "react-scripts": {
          "version": "3.4.4",
          "requires": {
            "@babel/core": "7.9.0",
            "@svgr/webpack": "4.3.3",
            "@typescript-eslint/eslint-plugin": "^2.10.0",
            "@typescript-eslint/parser": "^2.10.0",
            "babel-eslint": "10.1.0",
            "babel-jest": "^24.9.0",
            "babel-loader": "8.1.0",
            "babel-plugin-named-asset-import": "^0.3.6",
            "babel-preset-react-app": "^9.1.2",
            "camelcase": "^5.3.1",
            "case-sensitive-paths-webpack-plugin": "2.3.0",
            "css-loader": "3.4.2",
            "dotenv": "8.2.0",
            "dotenv-expand": "5.1.0",
            "eslint": "^6.6.0",
            "eslint-config-react-app": "^5.2.1",
            "eslint-loader": "3.0.3",
            "eslint-plugin-flowtype": "4.6.0",
            "eslint-plugin-import": "2.20.1",
            "eslint-plugin-jsx-a11y": "6.2.3",
            "eslint-plugin-react": "7.19.0",
            "eslint-plugin-react-hooks": "^1.6.1",
            "file-loader": "4.3.0",
            "fs-extra": "^8.1.0",
            "fsevents": "2.1.2",
            "html-webpack-plugin": "4.0.0-beta.11",
            "identity-obj-proxy": "3.0.0",
            "jest": "24.9.0",
            "jest-environment-jsdom-fourteen": "1.0.1",
            "jest-resolve": "24.9.0",
            "jest-watch-typeahead": "0.4.2",
            "mini-css-extract-plugin": "0.9.0",
            "optimize-css-assets-webpack-plugin": "5.0.3",
            "pnp-webpack-plugin": "1.6.4",
            "postcss-flexbugs-fixes": "4.1.0",
            "postcss-loader": "3.0.0",
            "postcss-normalize": "8.0.1",
            "postcss-preset-env": "6.7.0",
            "postcss-safe-parser": "4.0.1",
            "react": "^16.12.0",
            "react-app-polyfill": "^1.0.6",
            "react-dev-utils": "^10.2.1",
            "react-dom": "^16.12.0",
            "resolve": "1.15.0",
            "resolve-url-loader": "3.1.2",
            "sass-loader": "8.0.2",
            "semver": "6.3.0",
            "style-loader": "0.23.1",
            "terser-webpack-plugin": "2.3.8",
            "ts-pnp": "1.1.6",
            "url-loader": "2.3.0",
            "webpack": "4.42.0",
            "webpack-dev-server": "3.11.0",
            "webpack-manifest-plugin": "2.2.0",
            "workbox-webpack-plugin": "4.3.1"
          }
        }
      }
    },
    "react": {
      "version": "file:../node_modules/react",
      "requires": {
        "loose-envify": "^1.1.0",
        "object-assign": "^4.1.1",
        "prop-types": "^15.6.2"
      }
    },
    "react-dom": {
      "version": "file:../node_modules/react-dom",
      "requires": {
        "loose-envify": "^1.1.0",
        "object-assign": "^4.1.1",
        "prop-types": "^15.6.2",
        "scheduler": "^0.19.1"
      }
    },
    "react-scripts": {
      "version": "file:../node_modules/react-scripts",
      "requires": {
        "@babel/core": "7.9.0",
        "@svgr/webpack": "4.3.3",
        "@typescript-eslint/eslint-plugin": "^2.10.0",
        "@typescript-eslint/parser": "^2.10.0",
        "babel-eslint": "10.1.0",
        "babel-jest": "^24.9.0",
        "babel-loader": "8.1.0",
        "babel-plugin-named-asset-import": "^0.3.6",
        "babel-preset-react-app": "^9.1.2",
        "camelcase": "^5.3.1",
        "case-sensitive-paths-webpack-plugin": "2.3.0",
        "css-loader": "3.4.2",
        "dotenv": "8.2.0",
        "dotenv-expand": "5.1.0",
        "eslint": "^6.6.0",
        "eslint-config-react-app": "^5.2.1",
        "eslint-loader": "3.0.3",
        "eslint-plugin-flowtype": "4.6.0",
        "eslint-plugin-import": "2.20.1",
        "eslint-plugin-jsx-a11y": "6.2.3",
        "eslint-plugin-react": "7.19.0",
        "eslint-plugin-react-hooks": "^1.6.1",
        "file-loader": "4.3.0",
        "fs-extra": "^8.1.0",
        "fsevents": "2.1.2",
        "html-webpack-plugin": "4.0.0-beta.11",
        "identity-obj-proxy": "3.0.0",
        "jest": "24.9.0",
        "jest-environment-jsdom-fourteen": "1.0.1",
        "jest-resolve": "24.9.0",
        "jest-watch-typeahead": "0.4.2",
        "mini-css-extract-plugin": "0.9.0",
        "optimize-css-assets-webpack-plugin": "5.0.3",
        "pnp-webpack-plugin": "1.6.4",
        "postcss-flexbugs-fixes": "4.1.0",
        "postcss-loader": "3.0.0",
        "postcss-normalize": "8.0.1",
        "postcss-preset-env": "6.7.0",
        "postcss-safe-parser": "4.0.1",
        "react": "^16.12.0",
        "react-app-polyfill": "^1.0.6",
        "react-dev-utils": "^10.2.1",
        "react-dom": "^16.12.0",
        "resolve": "1.15.0",
        "resolve-url-loader": "3.1.2",
        "sass-loader": "8.0.2",
        "semver": "6.3.0",
        "style-loader": "0.23.1",
        "terser-webpack-plugin": "2.3.8",
        "ts-pnp": "1.1.6",
        "url-loader": "2.3.0",
        "webpack": "4.42.0",
        "webpack-dev-server": "3.11.0",
        "webpack-manifest-plugin": "2.2.0",
        "workbox-webpack-plugin": "4.3.1"
      }
    }
  }
}
